
Microsoft Visual Studio Solution File, Format Version 12.00
# Visual Studio Version 17
VisualStudioVersion = 17.4.33213.308
MinimumVisualStudioVersion = 10.0.40219.1
Project("{9A19103F-16F7-4668-BE54-9A1E7A4F7556}") = "RazorPagesDemoApp", "RazorPagesDemoApp\RazorPagesDemoApp.csproj", "{9B4BF23F-C85E-4B95-A8FD-B66974C45A76}"
EndProject
Global
	GlobalSection(SolutionConfigurationPlatforms) = preSolution
		Debug|Any CPU = Debug|Any CPU
		Release|Any CPU = Release|Any CPU
	EndGlobalSection
	GlobalSection(ProjectConfigurationPlatforms) = postSolution
		{9B4BF23F-C85E-4B95-A8FD-B66974C45A76}.Debug|Any CPU.ActiveCfg = Debug|Any CPU
		{9B4BF23F-C85E-4B95-A8FD-B66974C45A76}.Debug|Any CPU.Build.0 = Debug|Any CPU
		{9B4BF23F-C85E-4B95-A8FD-B66974C45A76}.Release|Any CPU.ActiveCfg = Release|Any CPU
		{9B4BF23F-C85E-4B95-A8FD-B66974C45A76}.Release|Any CPU.Build.0 = Release|Any CPU
	EndGlobalSection
	GlobalSection(SolutionProperties) = preSolution
		HideSolutionNode = FALSE
	EndGlobalSection
	GlobalSection(ExtensibilityGlobals) = postSolution
		SolutionGuid = {A6E83EB9-7840-4F15-8391-33456FD4F41C}
	EndGlobalSection
EndGlobal
